
Microsoft Visual Studio Solution File, Format Version 12.00
# Visual Studio 15
VisualStudioVersion = 15.0.26124.0
MinimumVisualStudioVersion = 15.0.26124.0
Project("{2150E333-8FDC-42A3-9474-1A3956D46DE8}") = "Lesson02", "Lesson02", "{5299478C-F78F-454B-BA8B-3C312CAB06B3}"
EndProject
Project("{F2A71F9B-5D33-465A-A702-920D77279786}") = "MyFirstSharpApp", "MyFirstSharpApp\MyFirstSharpApp.fsproj", "{1B079BCB-30D9-4659-BE22-FEF03A50C69F}"
EndProject
Project("{2150E333-8FDC-42A3-9474-1A3956D46DE8}") = "Unit01", "Unit01", "{948F591F-37B8-479B-B51C-8624DCF1F0E7}"
EndProject
Project("{2150E333-8FDC-42A3-9474-1A3956D46DE8}") = "Lesson03", "Lesson03", "{EB0296F9-B41D-43D0-BDD4-E2D14604DA90}"
EndProject
Project("{F2A71F9B-5D33-465A-A702-920D77279786}") = "FSharpScripts", "FSharpScripts\FSharpScripts.fsproj", "{3DA2DE92-ED17-4B76-9B38-8C4B697FEDC9}"
EndProject
Project("{2150E333-8FDC-42A3-9474-1A3956D46DE8}") = "Unit02", "Unit02", "{6E0E3ACC-76E3-426C-A5B1-8114DD73A107}"
EndProject
Project("{2150E333-8FDC-42A3-9474-1A3956D46DE8}") = "Lesson04", "Lesson04", "{958D2DB9-CE31-4E6E-AC02-6BC36BA7BE4C}"
EndProject
Project("{F2A71F9B-5D33-465A-A702-920D77279786}") = "BindingValues", "BindingValues\BindingValues.fsproj", "{0E570702-0E1D-484F-96AB-C33981BDD68A}"
EndProject
Project("{F2A71F9B-5D33-465A-A702-920D77279786}") = "Scope", "Scope\Scope.fsproj", "{2AB8D10A-A2D2-4E6D-BE35-DF7E1159CC25}"
EndProject
Project("{F2A71F9B-5D33-465A-A702-920D77279786}") = "Refactoring", "Refactoring\Refactoring.fsproj", "{19C17347-D42F-45D5-B1FA-0DA519A696DC}"
EndProject
Project("{2150E333-8FDC-42A3-9474-1A3956D46DE8}") = "Lesson05", "Lesson05", "{FB01D64D-F5EE-4A4C-ABF4-5011DACAD4BE}"
EndProject
Project("{F2A71F9B-5D33-465A-A702-920D77279786}") = "TypeInference", "TypeInference\TypeInference.fsproj", "{16B08A7D-D606-43A9-A425-8751915087B9}"
EndProject
Project("{2150E333-8FDC-42A3-9474-1A3956D46DE8}") = "Lesson06", "Lesson06", "{74A37A93-F930-4DCD-831D-C12615729C34}"
EndProject
Project("{F2A71F9B-5D33-465A-A702-920D77279786}") = "A-MutabilityBasics", "A-MutabilityBasics\A-MutabilityBasics.fsproj", "{C64F0044-E5F5-4CF4-8BC8-40D1DBCA1516}"
EndProject
Project("{2150E333-8FDC-42A3-9474-1A3956D46DE8}") = "Lesson07", "Lesson07", "{3FE47425-5AB7-4993-8AE2-C2A6E54B4D1F}"
EndProject
Project("{F2A71F9B-5D33-465A-A702-920D77279786}") = "WorkingWithExpressions", "WorkingWithExpressions\WorkingWithExpressions.fsproj", "{C61B0E01-FA4B-403E-AF25-45A54B2E4286}"
EndProject
Project("{2150E333-8FDC-42A3-9474-1A3956D46DE8}") = "Lesson08", "Lesson08", "{E3365770-DDD0-41F6-872E-707F05636A30}"
EndProject
Project("{F2A71F9B-5D33-465A-A702-920D77279786}") = "PetrolCar", "PetrolCar\PetrolCar.fsproj", "{CFE36B54-C3C7-46EE-A78D-0D8C6213BCD3}"
EndProject
Project("{2150E333-8FDC-42A3-9474-1A3956D46DE8}") = "Unit03", "Unit03", "{7B70333F-F610-4BC3-804B-CDE4DCA716D3}"
EndProject
Project("{2150E333-8FDC-42A3-9474-1A3956D46DE8}") = "Lesson10", "Lesson10", "{85F89A6A-247C-4FF2-B7A3-A77949D36064}"
EndProject
Project("{2150E333-8FDC-42A3-9474-1A3956D46DE8}") = "Lesson09", "Lesson09", "{AC7C8F15-D134-40CF-BE9F-6C82B7919C91}"
EndProject
Project("{F2A71F9B-5D33-465A-A702-920D77279786}") = "TupleBasics", "TupleBasics\TupleBasics.fsproj", "{2A4C368A-A2C8-4A47-9D96-D444DAFC4462}"
EndProject
Project("{F2A71F9B-5D33-465A-A702-920D77279786}") = "RecordBasics", "RecordBasics\RecordBasics.fsproj", "{C08C2C02-41A8-46E1-A07F-1DA93B981A0A}"
EndProject
Project("{2150E333-8FDC-42A3-9474-1A3956D46DE8}") = "Lesson11", "Lesson11", "{03306A8D-3140-45AB-BB35-3F9B4B397DB3}"
EndProject
Project("{F2A71F9B-5D33-465A-A702-920D77279786}") = "ComposableFunctions", "ComposableFunctions\ComposableFunctions.fsproj", "{A800A5F1-3894-458D-951F-4A52AEC7177D}"
EndProject
Project("{2150E333-8FDC-42A3-9474-1A3956D46DE8}") = "Lesson12", "Lesson12", "{C04EAF63-E550-4BE4-8293-2D31120CB8EA}"
EndProject
Project("{F2A71F9B-5D33-465A-A702-920D77279786}") = "OrganizingCodeWithoutClasses", "OrganizingCodeWithoutClasses\OrganizingCodeWithoutClasses.fsproj", "{1C0D2EE3-CA0E-4719-8E69-75643FB5F610}"
EndProject
Project("{F2A71F9B-5D33-465A-A702-920D77279786}") = "MovingToApplications", "MovingToApplications\MovingToApplications.fsproj", "{B84E24E8-F259-4270-9D7A-0F1014610E92}"
EndProject
Project("{2150E333-8FDC-42A3-9474-1A3956D46DE8}") = "Lesson13", "Lesson13", "{3D32453A-31E8-4FB5-B90C-B15A3513587F}"
EndProject
Project("{F2A71F9B-5D33-465A-A702-920D77279786}") = "AcheivingCodeReuse", "AcheivingCodeReuse\AcheivingCodeReuse.fsproj", "{ED173BC3-1731-4D87-B8E0-4227543BF580}"
EndProject
Global
	GlobalSection(SolutionConfigurationPlatforms) = preSolution
		Debug|Any CPU = Debug|Any CPU
		Debug|x64 = Debug|x64
		Debug|x86 = Debug|x86
		Release|Any CPU = Release|Any CPU
		Release|x64 = Release|x64
		Release|x86 = Release|x86
	EndGlobalSection
	GlobalSection(SolutionProperties) = preSolution
		HideSolutionNode = FALSE
	EndGlobalSection
	GlobalSection(NestedProjects) = preSolution
		{1B079BCB-30D9-4659-BE22-FEF03A50C69F} = {5299478C-F78F-454B-BA8B-3C312CAB06B3}
		{5299478C-F78F-454B-BA8B-3C312CAB06B3} = {948F591F-37B8-479B-B51C-8624DCF1F0E7}
		{EB0296F9-B41D-43D0-BDD4-E2D14604DA90} = {948F591F-37B8-479B-B51C-8624DCF1F0E7}
		{3DA2DE92-ED17-4B76-9B38-8C4B697FEDC9} = {EB0296F9-B41D-43D0-BDD4-E2D14604DA90}
		{958D2DB9-CE31-4E6E-AC02-6BC36BA7BE4C} = {6E0E3ACC-76E3-426C-A5B1-8114DD73A107}
		{0E570702-0E1D-484F-96AB-C33981BDD68A} = {958D2DB9-CE31-4E6E-AC02-6BC36BA7BE4C}
		{2AB8D10A-A2D2-4E6D-BE35-DF7E1159CC25} = {958D2DB9-CE31-4E6E-AC02-6BC36BA7BE4C}
		{19C17347-D42F-45D5-B1FA-0DA519A696DC} = {958D2DB9-CE31-4E6E-AC02-6BC36BA7BE4C}
		{FB01D64D-F5EE-4A4C-ABF4-5011DACAD4BE} = {6E0E3ACC-76E3-426C-A5B1-8114DD73A107}
		{16B08A7D-D606-43A9-A425-8751915087B9} = {FB01D64D-F5EE-4A4C-ABF4-5011DACAD4BE}
		{74A37A93-F930-4DCD-831D-C12615729C34} = {6E0E3ACC-76E3-426C-A5B1-8114DD73A107}
		{C64F0044-E5F5-4CF4-8BC8-40D1DBCA1516} = {74A37A93-F930-4DCD-831D-C12615729C34}
		{3FE47425-5AB7-4993-8AE2-C2A6E54B4D1F} = {6E0E3ACC-76E3-426C-A5B1-8114DD73A107}
		{C61B0E01-FA4B-403E-AF25-45A54B2E4286} = {3FE47425-5AB7-4993-8AE2-C2A6E54B4D1F}
		{E3365770-DDD0-41F6-872E-707F05636A30} = {6E0E3ACC-76E3-426C-A5B1-8114DD73A107}
		{CFE36B54-C3C7-46EE-A78D-0D8C6213BCD3} = {E3365770-DDD0-41F6-872E-707F05636A30}
		{85F89A6A-247C-4FF2-B7A3-A77949D36064} = {7B70333F-F610-4BC3-804B-CDE4DCA716D3}
		{AC7C8F15-D134-40CF-BE9F-6C82B7919C91} = {7B70333F-F610-4BC3-804B-CDE4DCA716D3}
		{2A4C368A-A2C8-4A47-9D96-D444DAFC4462} = {AC7C8F15-D134-40CF-BE9F-6C82B7919C91}
		{C08C2C02-41A8-46E1-A07F-1DA93B981A0A} = {85F89A6A-247C-4FF2-B7A3-A77949D36064}
		{03306A8D-3140-45AB-BB35-3F9B4B397DB3} = {7B70333F-F610-4BC3-804B-CDE4DCA716D3}
		{A800A5F1-3894-458D-951F-4A52AEC7177D} = {03306A8D-3140-45AB-BB35-3F9B4B397DB3}
		{C04EAF63-E550-4BE4-8293-2D31120CB8EA} = {7B70333F-F610-4BC3-804B-CDE4DCA716D3}
		{1C0D2EE3-CA0E-4719-8E69-75643FB5F610} = {C04EAF63-E550-4BE4-8293-2D31120CB8EA}
		{B84E24E8-F259-4270-9D7A-0F1014610E92} = {C04EAF63-E550-4BE4-8293-2D31120CB8EA}
		{3D32453A-31E8-4FB5-B90C-B15A3513587F} = {7B70333F-F610-4BC3-804B-CDE4DCA716D3}
		{ED173BC3-1731-4D87-B8E0-4227543BF580} = {3D32453A-31E8-4FB5-B90C-B15A3513587F}
	EndGlobalSection
	GlobalSection(ProjectConfigurationPlatforms) = postSolution
		{1B079BCB-30D9-4659-BE22-FEF03A50C69F}.Debug|Any CPU.ActiveCfg = Debug|Any CPU
		{1B079BCB-30D9-4659-BE22-FEF03A50C69F}.Debug|Any CPU.Build.0 = Debug|Any CPU
		{1B079BCB-30D9-4659-BE22-FEF03A50C69F}.Debug|x64.ActiveCfg = Debug|Any CPU
		{1B079BCB-30D9-4659-BE22-FEF03A50C69F}.Debug|x64.Build.0 = Debug|Any CPU
		{1B079BCB-30D9-4659-BE22-FEF03A50C69F}.Debug|x86.ActiveCfg = Debug|Any CPU
		{1B079BCB-30D9-4659-BE22-FEF03A50C69F}.Debug|x86.Build.0 = Debug|Any CPU
		{1B079BCB-30D9-4659-BE22-FEF03A50C69F}.Release|Any CPU.ActiveCfg = Release|Any CPU
		{1B079BCB-30D9-4659-BE22-FEF03A50C69F}.Release|Any CPU.Build.0 = Release|Any CPU
		{1B079BCB-30D9-4659-BE22-FEF03A50C69F}.Release|x64.ActiveCfg = Release|Any CPU
		{1B079BCB-30D9-4659-BE22-FEF03A50C69F}.Release|x64.Build.0 = Release|Any CPU
		{1B079BCB-30D9-4659-BE22-FEF03A50C69F}.Release|x86.ActiveCfg = Release|Any CPU
		{1B079BCB-30D9-4659-BE22-FEF03A50C69F}.Release|x86.Build.0 = Release|Any CPU
		{3DA2DE92-ED17-4B76-9B38-8C4B697FEDC9}.Debug|Any CPU.ActiveCfg = Debug|Any CPU
		{3DA2DE92-ED17-4B76-9B38-8C4B697FEDC9}.Debug|Any CPU.Build.0 = Debug|Any CPU
		{3DA2DE92-ED17-4B76-9B38-8C4B697FEDC9}.Debug|x64.ActiveCfg = Debug|Any CPU
		{3DA2DE92-ED17-4B76-9B38-8C4B697FEDC9}.Debug|x64.Build.0 = Debug|Any CPU
		{3DA2DE92-ED17-4B76-9B38-8C4B697FEDC9}.Debug|x86.ActiveCfg = Debug|Any CPU
		{3DA2DE92-ED17-4B76-9B38-8C4B697FEDC9}.Debug|x86.Build.0 = Debug|Any CPU
		{3DA2DE92-ED17-4B76-9B38-8C4B697FEDC9}.Release|Any CPU.ActiveCfg = Release|Any CPU
		{3DA2DE92-ED17-4B76-9B38-8C4B697FEDC9}.Release|Any CPU.Build.0 = Release|Any CPU
		{3DA2DE92-ED17-4B76-9B38-8C4B697FEDC9}.Release|x64.ActiveCfg = Release|Any CPU
		{3DA2DE92-ED17-4B76-9B38-8C4B697FEDC9}.Release|x64.Build.0 = Release|Any CPU
		{3DA2DE92-ED17-4B76-9B38-8C4B697FEDC9}.Release|x86.ActiveCfg = Release|Any CPU
		{3DA2DE92-ED17-4B76-9B38-8C4B697FEDC9}.Release|x86.Build.0 = Release|Any CPU
		{0E570702-0E1D-484F-96AB-C33981BDD68A}.Debug|Any CPU.ActiveCfg = Debug|Any CPU
		{0E570702-0E1D-484F-96AB-C33981BDD68A}.Debug|Any CPU.Build.0 = Debug|Any CPU
		{0E570702-0E1D-484F-96AB-C33981BDD68A}.Debug|x64.ActiveCfg = Debug|Any CPU
		{0E570702-0E1D-484F-96AB-C33981BDD68A}.Debug|x64.Build.0 = Debug|Any CPU
		{0E570702-0E1D-484F-96AB-C33981BDD68A}.Debug|x86.ActiveCfg = Debug|Any CPU
		{0E570702-0E1D-484F-96AB-C33981BDD68A}.Debug|x86.Build.0 = Debug|Any CPU
		{0E570702-0E1D-484F-96AB-C33981BDD68A}.Release|Any CPU.ActiveCfg = Release|Any CPU
		{0E570702-0E1D-484F-96AB-C33981BDD68A}.Release|Any CPU.Build.0 = Release|Any CPU
		{0E570702-0E1D-484F-96AB-C33981BDD68A}.Release|x64.ActiveCfg = Release|Any CPU
		{0E570702-0E1D-484F-96AB-C33981BDD68A}.Release|x64.Build.0 = Release|Any CPU
		{0E570702-0E1D-484F-96AB-C33981BDD68A}.Release|x86.ActiveCfg = Release|Any CPU
		{0E570702-0E1D-484F-96AB-C33981BDD68A}.Release|x86.Build.0 = Release|Any CPU
		{2AB8D10A-A2D2-4E6D-BE35-DF7E1159CC25}.Debug|Any CPU.ActiveCfg = Debug|Any CPU
		{2AB8D10A-A2D2-4E6D-BE35-DF7E1159CC25}.Debug|Any CPU.Build.0 = Debug|Any CPU
		{2AB8D10A-A2D2-4E6D-BE35-DF7E1159CC25}.Debug|x64.ActiveCfg = Debug|Any CPU
		{2AB8D10A-A2D2-4E6D-BE35-DF7E1159CC25}.Debug|x64.Build.0 = Debug|Any CPU
		{2AB8D10A-A2D2-4E6D-BE35-DF7E1159CC25}.Debug|x86.ActiveCfg = Debug|Any CPU
		{2AB8D10A-A2D2-4E6D-BE35-DF7E1159CC25}.Debug|x86.Build.0 = Debug|Any CPU
		{2AB8D10A-A2D2-4E6D-BE35-DF7E1159CC25}.Release|Any CPU.ActiveCfg = Release|Any CPU
		{2AB8D10A-A2D2-4E6D-BE35-DF7E1159CC25}.Release|Any CPU.Build.0 = Release|Any CPU
		{2AB8D10A-A2D2-4E6D-BE35-DF7E1159CC25}.Release|x64.ActiveCfg = Release|Any CPU
		{2AB8D10A-A2D2-4E6D-BE35-DF7E1159CC25}.Release|x64.Build.0 = Release|Any CPU
		{2AB8D10A-A2D2-4E6D-BE35-DF7E1159CC25}.Release|x86.ActiveCfg = Release|Any CPU
		{2AB8D10A-A2D2-4E6D-BE35-DF7E1159CC25}.Release|x86.Build.0 = Release|Any CPU
		{19C17347-D42F-45D5-B1FA-0DA519A696DC}.Debug|Any CPU.ActiveCfg = Debug|Any CPU
		{19C17347-D42F-45D5-B1FA-0DA519A696DC}.Debug|Any CPU.Build.0 = Debug|Any CPU
		{19C17347-D42F-45D5-B1FA-0DA519A696DC}.Debug|x64.ActiveCfg = Debug|Any CPU
		{19C17347-D42F-45D5-B1FA-0DA519A696DC}.Debug|x64.Build.0 = Debug|Any CPU
		{19C17347-D42F-45D5-B1FA-0DA519A696DC}.Debug|x86.ActiveCfg = Debug|Any CPU
		{19C17347-D42F-45D5-B1FA-0DA519A696DC}.Debug|x86.Build.0 = Debug|Any CPU
		{19C17347-D42F-45D5-B1FA-0DA519A696DC}.Release|Any CPU.ActiveCfg = Release|Any CPU
		{19C17347-D42F-45D5-B1FA-0DA519A696DC}.Release|Any CPU.Build.0 = Release|Any CPU
		{19C17347-D42F-45D5-B1FA-0DA519A696DC}.Release|x64.ActiveCfg = Release|Any CPU
		{19C17347-D42F-45D5-B1FA-0DA519A696DC}.Release|x64.Build.0 = Release|Any CPU
		{19C17347-D42F-45D5-B1FA-0DA519A696DC}.Release|x86.ActiveCfg = Release|Any CPU
		{19C17347-D42F-45D5-B1FA-0DA519A696DC}.Release|x86.Build.0 = Release|Any CPU
		{16B08A7D-D606-43A9-A425-8751915087B9}.Debug|Any CPU.ActiveCfg = Debug|Any CPU
		{16B08A7D-D606-43A9-A425-8751915087B9}.Debug|Any CPU.Build.0 = Debug|Any CPU
		{16B08A7D-D606-43A9-A425-8751915087B9}.Debug|x64.ActiveCfg = Debug|Any CPU
		{16B08A7D-D606-43A9-A425-8751915087B9}.Debug|x64.Build.0 = Debug|Any CPU
		{16B08A7D-D606-43A9-A425-8751915087B9}.Debug|x86.ActiveCfg = Debug|Any CPU
		{16B08A7D-D606-43A9-A425-8751915087B9}.Debug|x86.Build.0 = Debug|Any CPU
		{16B08A7D-D606-43A9-A425-8751915087B9}.Release|Any CPU.ActiveCfg = Release|Any CPU
		{16B08A7D-D606-43A9-A425-8751915087B9}.Release|Any CPU.Build.0 = Release|Any CPU
		{16B08A7D-D606-43A9-A425-8751915087B9}.Release|x64.ActiveCfg = Release|Any CPU
		{16B08A7D-D606-43A9-A425-8751915087B9}.Release|x64.Build.0 = Release|Any CPU
		{16B08A7D-D606-43A9-A425-8751915087B9}.Release|x86.ActiveCfg = Release|Any CPU
		{16B08A7D-D606-43A9-A425-8751915087B9}.Release|x86.Build.0 = Release|Any CPU
		{C64F0044-E5F5-4CF4-8BC8-40D1DBCA1516}.Debug|Any CPU.ActiveCfg = Debug|Any CPU
		{C64F0044-E5F5-4CF4-8BC8-40D1DBCA1516}.Debug|Any CPU.Build.0 = Debug|Any CPU
		{C64F0044-E5F5-4CF4-8BC8-40D1DBCA1516}.Debug|x64.ActiveCfg = Debug|Any CPU
		{C64F0044-E5F5-4CF4-8BC8-40D1DBCA1516}.Debug|x64.Build.0 = Debug|Any CPU
		{C64F0044-E5F5-4CF4-8BC8-40D1DBCA1516}.Debug|x86.ActiveCfg = Debug|Any CPU
		{C64F0044-E5F5-4CF4-8BC8-40D1DBCA1516}.Debug|x86.Build.0 = Debug|Any CPU
		{C64F0044-E5F5-4CF4-8BC8-40D1DBCA1516}.Release|Any CPU.ActiveCfg = Release|Any CPU
		{C64F0044-E5F5-4CF4-8BC8-40D1DBCA1516}.Release|Any CPU.Build.0 = Release|Any CPU
		{C64F0044-E5F5-4CF4-8BC8-40D1DBCA1516}.Release|x64.ActiveCfg = Release|Any CPU
		{C64F0044-E5F5-4CF4-8BC8-40D1DBCA1516}.Release|x64.Build.0 = Release|Any CPU
		{C64F0044-E5F5-4CF4-8BC8-40D1DBCA1516}.Release|x86.ActiveCfg = Release|Any CPU
		{C64F0044-E5F5-4CF4-8BC8-40D1DBCA1516}.Release|x86.Build.0 = Release|Any CPU
		{C61B0E01-FA4B-403E-AF25-45A54B2E4286}.Debug|Any CPU.ActiveCfg = Debug|Any CPU
		{C61B0E01-FA4B-403E-AF25-45A54B2E4286}.Debug|Any CPU.Build.0 = Debug|Any CPU
		{C61B0E01-FA4B-403E-AF25-45A54B2E4286}.Debug|x64.ActiveCfg = Debug|Any CPU
		{C61B0E01-FA4B-403E-AF25-45A54B2E4286}.Debug|x64.Build.0 = Debug|Any CPU
		{C61B0E01-FA4B-403E-AF25-45A54B2E4286}.Debug|x86.ActiveCfg = Debug|Any CPU
		{C61B0E01-FA4B-403E-AF25-45A54B2E4286}.Debug|x86.Build.0 = Debug|Any CPU
		{C61B0E01-FA4B-403E-AF25-45A54B2E4286}.Release|Any CPU.ActiveCfg = Release|Any CPU
		{C61B0E01-FA4B-403E-AF25-45A54B2E4286}.Release|Any CPU.Build.0 = Release|Any CPU
		{C61B0E01-FA4B-403E-AF25-45A54B2E4286}.Release|x64.ActiveCfg = Release|Any CPU
		{C61B0E01-FA4B-403E-AF25-45A54B2E4286}.Release|x64.Build.0 = Release|Any CPU
		{C61B0E01-FA4B-403E-AF25-45A54B2E4286}.Release|x86.ActiveCfg = Release|Any CPU
		{C61B0E01-FA4B-403E-AF25-45A54B2E4286}.Release|x86.Build.0 = Release|Any CPU
		{CFE36B54-C3C7-46EE-A78D-0D8C6213BCD3}.Debug|Any CPU.ActiveCfg = Debug|Any CPU
		{CFE36B54-C3C7-46EE-A78D-0D8C6213BCD3}.Debug|Any CPU.Build.0 = Debug|Any CPU
		{CFE36B54-C3C7-46EE-A78D-0D8C6213BCD3}.Debug|x64.ActiveCfg = Debug|Any CPU
		{CFE36B54-C3C7-46EE-A78D-0D8C6213BCD3}.Debug|x64.Build.0 = Debug|Any CPU
		{CFE36B54-C3C7-46EE-A78D-0D8C6213BCD3}.Debug|x86.ActiveCfg = Debug|Any CPU
		{CFE36B54-C3C7-46EE-A78D-0D8C6213BCD3}.Debug|x86.Build.0 = Debug|Any CPU
		{CFE36B54-C3C7-46EE-A78D-0D8C6213BCD3}.Release|Any CPU.ActiveCfg = Release|Any CPU
		{CFE36B54-C3C7-46EE-A78D-0D8C6213BCD3}.Release|Any CPU.Build.0 = Release|Any CPU
		{CFE36B54-C3C7-46EE-A78D-0D8C6213BCD3}.Release|x64.ActiveCfg = Release|Any CPU
		{CFE36B54-C3C7-46EE-A78D-0D8C6213BCD3}.Release|x64.Build.0 = Release|Any CPU
		{CFE36B54-C3C7-46EE-A78D-0D8C6213BCD3}.Release|x86.ActiveCfg = Release|Any CPU
		{CFE36B54-C3C7-46EE-A78D-0D8C6213BCD3}.Release|x86.Build.0 = Release|Any CPU
		{2A4C368A-A2C8-4A47-9D96-D444DAFC4462}.Debug|Any CPU.ActiveCfg = Debug|Any CPU
		{2A4C368A-A2C8-4A47-9D96-D444DAFC4462}.Debug|Any CPU.Build.0 = Debug|Any CPU
		{2A4C368A-A2C8-4A47-9D96-D444DAFC4462}.Debug|x64.ActiveCfg = Debug|Any CPU
		{2A4C368A-A2C8-4A47-9D96-D444DAFC4462}.Debug|x64.Build.0 = Debug|Any CPU
		{2A4C368A-A2C8-4A47-9D96-D444DAFC4462}.Debug|x86.ActiveCfg = Debug|Any CPU
		{2A4C368A-A2C8-4A47-9D96-D444DAFC4462}.Debug|x86.Build.0 = Debug|Any CPU
		{2A4C368A-A2C8-4A47-9D96-D444DAFC4462}.Release|Any CPU.ActiveCfg = Release|Any CPU
		{2A4C368A-A2C8-4A47-9D96-D444DAFC4462}.Release|Any CPU.Build.0 = Release|Any CPU
		{2A4C368A-A2C8-4A47-9D96-D444DAFC4462}.Release|x64.ActiveCfg = Release|Any CPU
		{2A4C368A-A2C8-4A47-9D96-D444DAFC4462}.Release|x64.Build.0 = Release|Any CPU
		{2A4C368A-A2C8-4A47-9D96-D444DAFC4462}.Release|x86.ActiveCfg = Release|Any CPU
		{2A4C368A-A2C8-4A47-9D96-D444DAFC4462}.Release|x86.Build.0 = Release|Any CPU
		{C08C2C02-41A8-46E1-A07F-1DA93B981A0A}.Debug|Any CPU.ActiveCfg = Debug|Any CPU
		{C08C2C02-41A8-46E1-A07F-1DA93B981A0A}.Debug|Any CPU.Build.0 = Debug|Any CPU
		{C08C2C02-41A8-46E1-A07F-1DA93B981A0A}.Debug|x64.ActiveCfg = Debug|Any CPU
		{C08C2C02-41A8-46E1-A07F-1DA93B981A0A}.Debug|x64.Build.0 = Debug|Any CPU
		{C08C2C02-41A8-46E1-A07F-1DA93B981A0A}.Debug|x86.ActiveCfg = Debug|Any CPU
		{C08C2C02-41A8-46E1-A07F-1DA93B981A0A}.Debug|x86.Build.0 = Debug|Any CPU
		{C08C2C02-41A8-46E1-A07F-1DA93B981A0A}.Release|Any CPU.ActiveCfg = Release|Any CPU
		{C08C2C02-41A8-46E1-A07F-1DA93B981A0A}.Release|Any CPU.Build.0 = Release|Any CPU
		{C08C2C02-41A8-46E1-A07F-1DA93B981A0A}.Release|x64.ActiveCfg = Release|Any CPU
		{C08C2C02-41A8-46E1-A07F-1DA93B981A0A}.Release|x64.Build.0 = Release|Any CPU
		{C08C2C02-41A8-46E1-A07F-1DA93B981A0A}.Release|x86.ActiveCfg = Release|Any CPU
		{C08C2C02-41A8-46E1-A07F-1DA93B981A0A}.Release|x86.Build.0 = Release|Any CPU
		{A800A5F1-3894-458D-951F-4A52AEC7177D}.Debug|Any CPU.ActiveCfg = Debug|Any CPU
		{A800A5F1-3894-458D-951F-4A52AEC7177D}.Debug|Any CPU.Build.0 = Debug|Any CPU
		{A800A5F1-3894-458D-951F-4A52AEC7177D}.Debug|x64.ActiveCfg = Debug|Any CPU
		{A800A5F1-3894-458D-951F-4A52AEC7177D}.Debug|x64.Build.0 = Debug|Any CPU
		{A800A5F1-3894-458D-951F-4A52AEC7177D}.Debug|x86.ActiveCfg = Debug|Any CPU
		{A800A5F1-3894-458D-951F-4A52AEC7177D}.Debug|x86.Build.0 = Debug|Any CPU
		{A800A5F1-3894-458D-951F-4A52AEC7177D}.Release|Any CPU.ActiveCfg = Release|Any CPU
		{A800A5F1-3894-458D-951F-4A52AEC7177D}.Release|Any CPU.Build.0 = Release|Any CPU
		{A800A5F1-3894-458D-951F-4A52AEC7177D}.Release|x64.ActiveCfg = Release|Any CPU
		{A800A5F1-3894-458D-951F-4A52AEC7177D}.Release|x64.Build.0 = Release|Any CPU
		{A800A5F1-3894-458D-951F-4A52AEC7177D}.Release|x86.ActiveCfg = Release|Any CPU
		{A800A5F1-3894-458D-951F-4A52AEC7177D}.Release|x86.Build.0 = Release|Any CPU
		{1C0D2EE3-CA0E-4719-8E69-75643FB5F610}.Debug|Any CPU.ActiveCfg = Debug|Any CPU
		{1C0D2EE3-CA0E-4719-8E69-75643FB5F610}.Debug|Any CPU.Build.0 = Debug|Any CPU
		{1C0D2EE3-CA0E-4719-8E69-75643FB5F610}.Debug|x64.ActiveCfg = Debug|Any CPU
		{1C0D2EE3-CA0E-4719-8E69-75643FB5F610}.Debug|x64.Build.0 = Debug|Any CPU
		{1C0D2EE3-CA0E-4719-8E69-75643FB5F610}.Debug|x86.ActiveCfg = Debug|Any CPU
		{1C0D2EE3-CA0E-4719-8E69-75643FB5F610}.Debug|x86.Build.0 = Debug|Any CPU
		{1C0D2EE3-CA0E-4719-8E69-75643FB5F610}.Release|Any CPU.ActiveCfg = Release|Any CPU
		{1C0D2EE3-CA0E-4719-8E69-75643FB5F610}.Release|Any CPU.Build.0 = Release|Any CPU
		{1C0D2EE3-CA0E-4719-8E69-75643FB5F610}.Release|x64.ActiveCfg = Release|Any CPU
		{1C0D2EE3-CA0E-4719-8E69-75643FB5F610}.Release|x64.Build.0 = Release|Any CPU
		{1C0D2EE3-CA0E-4719-8E69-75643FB5F610}.Release|x86.ActiveCfg = Release|Any CPU
		{1C0D2EE3-CA0E-4719-8E69-75643FB5F610}.Release|x86.Build.0 = Release|Any CPU
		{B84E24E8-F259-4270-9D7A-0F1014610E92}.Debug|Any CPU.ActiveCfg = Debug|Any CPU
		{B84E24E8-F259-4270-9D7A-0F1014610E92}.Debug|Any CPU.Build.0 = Debug|Any CPU
		{B84E24E8-F259-4270-9D7A-0F1014610E92}.Debug|x64.ActiveCfg = Debug|Any CPU
		{B84E24E8-F259-4270-9D7A-0F1014610E92}.Debug|x64.Build.0 = Debug|Any CPU
		{B84E24E8-F259-4270-9D7A-0F1014610E92}.Debug|x86.ActiveCfg = Debug|Any CPU
		{B84E24E8-F259-4270-9D7A-0F1014610E92}.Debug|x86.Build.0 = Debug|Any CPU
		{B84E24E8-F259-4270-9D7A-0F1014610E92}.Release|Any CPU.ActiveCfg = Release|Any CPU
		{B84E24E8-F259-4270-9D7A-0F1014610E92}.Release|Any CPU.Build.0 = Release|Any CPU
		{B84E24E8-F259-4270-9D7A-0F1014610E92}.Release|x64.ActiveCfg = Release|Any CPU
		{B84E24E8-F259-4270-9D7A-0F1014610E92}.Release|x64.Build.0 = Release|Any CPU
		{B84E24E8-F259-4270-9D7A-0F1014610E92}.Release|x86.ActiveCfg = Release|Any CPU
		{B84E24E8-F259-4270-9D7A-0F1014610E92}.Release|x86.Build.0 = Release|Any CPU
		{ED173BC3-1731-4D87-B8E0-4227543BF580}.Debug|Any CPU.ActiveCfg = Debug|Any CPU
		{ED173BC3-1731-4D87-B8E0-4227543BF580}.Debug|Any CPU.Build.0 = Debug|Any CPU
		{ED173BC3-1731-4D87-B8E0-4227543BF580}.Debug|x64.ActiveCfg = Debug|Any CPU
		{ED173BC3-1731-4D87-B8E0-4227543BF580}.Debug|x64.Build.0 = Debug|Any CPU
		{ED173BC3-1731-4D87-B8E0-4227543BF580}.Debug|x86.ActiveCfg = Debug|Any CPU
		{ED173BC3-1731-4D87-B8E0-4227543BF580}.Debug|x86.Build.0 = Debug|Any CPU
		{ED173BC3-1731-4D87-B8E0-4227543BF580}.Release|Any CPU.ActiveCfg = Release|Any CPU
		{ED173BC3-1731-4D87-B8E0-4227543BF580}.Release|Any CPU.Build.0 = Release|Any CPU
		{ED173BC3-1731-4D87-B8E0-4227543BF580}.Release|x64.ActiveCfg = Release|Any CPU
		{ED173BC3-1731-4D87-B8E0-4227543BF580}.Release|x64.Build.0 = Release|Any CPU
		{ED173BC3-1731-4D87-B8E0-4227543BF580}.Release|x86.ActiveCfg = Release|Any CPU
		{ED173BC3-1731-4D87-B8E0-4227543BF580}.Release|x86.Build.0 = Release|Any CPU
	EndGlobalSection
EndGlobal
